
Microsoft Visual Studio Solution File, Format Version 12.00
# Visual Studio 15
Project("{FAE04EC0-301F-11D3-BF4B-00C04F79EFBC}") = "rTunel", "rTunel\rTunel.csproj", "{DBAC7ADA-9B46-4F3A-9719-44E505B4B606}"
EndProject
Global
	GlobalSection(SolutionConfigurationPlatforms) = preSolution
		Debug|Any CPU = Debug|Any CPU
		Release|Any CPU = Release|Any CPU
	EndGlobalSection
	GlobalSection(ProjectConfigurationPlatforms) = postSolution
		{DBAC7ADA-9B46-4F3A-9719-44E505B4B606}.Debug|Any CPU.ActiveCfg = Debug|Any CPU
		{DBAC7ADA-9B46-4F3A-9719-44E505B4B606}.Debug|Any CPU.Build.0 = Debug|Any CPU
		{DBAC7ADA-9B46-4F3A-9719-44E505B4B606}.Release|Any CPU.ActiveCfg = Release|Any CPU
		{DBAC7ADA-9B46-4F3A-9719-44E505B4B606}.Release|Any CPU.Build.0 = Release|Any CPU
	EndGlobalSection
EndGlobal
